{
  "name": "nodejs-example",
  "version": "1.0.0",
  "lockfileVersion": 3,
  "requires": true,
  "packages": {
    "": {
      "name": "nodejs-example",
      "version": "1.0.0",
      "dependencies": {
        "malaysia-postcodes": "^2.7.1"
      }
    },
    "node_modules/malaysia-postcodes": {
      "version": "2.7.1",
      "resolved": "https://registry.npmjs.org/malaysia-postcodes/-/malaysia-postcodes-2.7.1.tgz",
      "integrity": "sha512-zVm1wgTF4YDkSsfK175j53gg5KnvQSG+SMRATCcr46kSeHqMZU8KeDOVswZUvsuSNpLGns1cnjT2S0lLTkDUCA==",
      "engines": {
        "node": ">=18.0.0"
      }
    }
  }
}
