{
  "name": "nodejs-example",
  "version": "1.0.0",
  "lockfileVersion": 3,
  "requires": true,
  "packages": {
    "": {
      "name": "nodejs-example",
      "version": "1.0.0",
      "dependencies": {
        "malaysia-postcodes": "file:../.."
      }
    },
    "../..": {
      "version": "2.6.0",
      "license": "ISC",
      "devDependencies": {
        "@babel/core": "^7.27.4",
        "@babel/preset-env": "^7.27.2",
        "@babel/preset-typescript": "^7.25.0",
        "@eslint/eslintrc": "^3.1.0",
        "@eslint/js": "^9.28.0",
        "@types/jest": "^29.5.14",
        "@types/node": "^22.15.30",
        "@typescript-eslint/eslint-plugin": "^8.31.1",
        "@typescript-eslint/parser": "^8.31.1",
        "babel-jest": "^29.7.0",
        "esbuild": "^0.25.5",
        "eslint": "^9.28.0",
        "eslint-config-prettier": "^10.1.5",
        "eslint-plugin-import": "^2.31.0",
        "eslint-plugin-prettier": "^5.4.1",
        "husky": "^9.1.7",
        "jest": "^29.7.0",
        "npm-check": "^6.0.1",
        "prettier": "^3.5.3",
        "terser-webpack-plugin": "^5.3.14",
        "ts-jest": "^29.3.4",
        "ts-loader": "^9.5.2",
        "tsx": "^4.19.4",
        "typescript": "^5.8.3",
        "typescript-eslint": "^8.33.1",
        "webpack": "^5.99.9",
        "webpack-cli": "^6.0.1",
        "webpack-dev-server": "^5.2.2"
      },
      "engines": {
        "node": ">=18.0.0"
      }
    },
    "node_modules/malaysia-postcodes": {
      "resolved": "../..",
      "link": true
    }
  }
}
